{
  "projects": [
    {
      "projectId": "seaQhLVS4bbjiGvJJrRwyL",
      "version": "15.0.3",
      "dependencies": {},
      "lang": "js",
      "fileLocks": [
        {
          "assetId": "seaQhLVS4bbjiGvJJrRwyL",
          "type": "projectCss",
          "checksum": "95834d015a9002783a412911551dd4e3"
        }
      ]
    },
    {
      "projectId": "js7xbhyMDXu3U4xUyjvjor",
      "version": "latest",
      "dependencies": {
        "seaQhLVS4bbjiGvJJrRwyL": "15.0.3"
      },
      "lang": "js",
      "fileLocks": [
        {
          "type": "globalVariant",
          "assetId": "CS1189Nl9nXB",
          "checksum": "5dcb24754f2a2891c2d381838da9d2b5"
        },
        {
          "assetId": "js7xbhyMDXu3U4xUyjvjor",
          "type": "projectCss",
          "checksum": "f4f608b407805c3008575dafa91ac26c"
        },
        {
          "type": "renderModule",
          "assetId": "FbwSY7aFxRj",
          "checksum": "4ea8660dc08f6ba69d81b72576cedf8e"
        },
        {
          "type": "cssRules",
          "assetId": "FbwSY7aFxRj",
          "checksum": "4ea8660dc08f6ba69d81b72576cedf8e"
        },
        {
          "type": "renderModule",
          "assetId": "-Ea7nJbv4LT",
          "checksum": "72340fc7f5d81c96d7f6a13711ae7d66"
        },
        {
          "type": "cssRules",
          "assetId": "-Ea7nJbv4LT",
          "checksum": "72340fc7f5d81c96d7f6a13711ae7d66"
        },
        {
          "type": "renderModule",
          "assetId": "X4oZepRJzT2",
          "checksum": "38078ff5dec02fd5a13669120c61e9d7"
        },
        {
          "type": "cssRules",
          "assetId": "X4oZepRJzT2",
          "checksum": "38078ff5dec02fd5a13669120c61e9d7"
        },
        {
          "type": "renderModule",
          "assetId": "i3ROZ-xmrQe",
          "checksum": "3da00b2a94bc0cab6d5692fa42304331"
        },
        {
          "type": "cssRules",
          "assetId": "i3ROZ-xmrQe",
          "checksum": "3da00b2a94bc0cab6d5692fa42304331"
        },
        {
          "type": "renderModule",
          "assetId": "lofnJGIDRQ7",
          "checksum": "6ce51262191d21f244ab29e4fe33137c"
        },
        {
          "type": "cssRules",
          "assetId": "lofnJGIDRQ7",
          "checksum": "6ce51262191d21f244ab29e4fe33137c"
        },
        {
          "type": "renderModule",
          "assetId": "T3mHUQZQJyC",
          "checksum": "f69952adc3490717d2a14f191910e5d3"
        },
        {
          "type": "cssRules",
          "assetId": "T3mHUQZQJyC",
          "checksum": "f69952adc3490717d2a14f191910e5d3"
        },
        {
          "type": "renderModule",
          "assetId": "BtGrupevbnBt",
          "checksum": "0b4421a6a279cd51a01ba18298a6ecc6"
        },
        {
          "type": "cssRules",
          "assetId": "BtGrupevbnBt",
          "checksum": "0b4421a6a279cd51a01ba18298a6ecc6"
        },
        {
          "type": "renderModule",
          "assetId": "G_AdUXA_nbCK",
          "checksum": "f79f439a7fc11accb9694a1426f98a76"
        },
        {
          "type": "cssRules",
          "assetId": "G_AdUXA_nbCK",
          "checksum": "f79f439a7fc11accb9694a1426f98a76"
        },
        {
          "type": "renderModule",
          "assetId": "Ni0K1A4tOJWP",
          "checksum": "ba5fbd134f474048b60fda6d59412462"
        },
        {
          "type": "cssRules",
          "assetId": "Ni0K1A4tOJWP",
          "checksum": "ba5fbd134f474048b60fda6d59412462"
        },
        {
          "type": "renderModule",
          "assetId": "X2gnIPCpavDJ",
          "checksum": "844aad3ffe88f2bef96f80d4c7e22e9b"
        },
        {
          "type": "cssRules",
          "assetId": "X2gnIPCpavDJ",
          "checksum": "844aad3ffe88f2bef96f80d4c7e22e9b"
        },
        {
          "type": "renderModule",
          "assetId": "_ZfdqakQbQQm",
          "checksum": "36c72e3f1e9e2e78f647866dd0162124"
        },
        {
          "type": "cssRules",
          "assetId": "_ZfdqakQbQQm",
          "checksum": "36c72e3f1e9e2e78f647866dd0162124"
        },
        {
          "type": "renderModule",
          "assetId": "nYibJbFtbN5Z",
          "checksum": "f91ad772781e9f69d982f938b8d6134a"
        },
        {
          "type": "cssRules",
          "assetId": "nYibJbFtbN5Z",
          "checksum": "f91ad772781e9f69d982f938b8d6134a"
        },
        {
          "type": "renderModule",
          "assetId": "QhVGM4DbWBIt",
          "checksum": "9c67ccfb9f66259ac6da57d8859824db"
        },
        {
          "type": "cssRules",
          "assetId": "QhVGM4DbWBIt",
          "checksum": "9c67ccfb9f66259ac6da57d8859824db"
        },
        {
          "type": "renderModule",
          "assetId": "ExOs7kFAqw5B",
          "checksum": "77300137d9044d15c4fd7288ec3c265a"
        },
        {
          "type": "cssRules",
          "assetId": "ExOs7kFAqw5B",
          "checksum": "77300137d9044d15c4fd7288ec3c265a"
        },
        {
          "type": "renderModule",
          "assetId": "tpSziDxebW_u",
          "checksum": "4c389e2cf628ad0afebd11a647cdd38a"
        },
        {
          "type": "cssRules",
          "assetId": "tpSziDxebW_u",
          "checksum": "4c389e2cf628ad0afebd11a647cdd38a"
        },
        {
          "type": "renderModule",
          "assetId": "c29AL5vCZlog",
          "checksum": "404e24a19bffa32b0660906b97449077"
        },
        {
          "type": "cssRules",
          "assetId": "c29AL5vCZlog",
          "checksum": "404e24a19bffa32b0660906b97449077"
        },
        {
          "type": "renderModule",
          "assetId": "Mrk7UJLJOd-F",
          "checksum": "34fedaffd5685b0f4759adac2fb40d7d"
        },
        {
          "type": "cssRules",
          "assetId": "Mrk7UJLJOd-F",
          "checksum": "34fedaffd5685b0f4759adac2fb40d7d"
        },
        {
          "type": "renderModule",
          "assetId": "pvpicHeKikM",
          "checksum": "8d3396e0518b0ca14aee7f199f14f18f"
        },
        {
          "type": "cssRules",
          "assetId": "pvpicHeKikM",
          "checksum": "8d3396e0518b0ca14aee7f199f14f18f"
        },
        {
          "type": "renderModule",
          "assetId": "XuEpLOHyyy",
          "checksum": "dace9e715941a0b02fe553e09b42eb1a"
        },
        {
          "type": "cssRules",
          "assetId": "XuEpLOHyyy",
          "checksum": "dace9e715941a0b02fe553e09b42eb1a"
        },
        {
          "type": "renderModule",
          "assetId": "foL6cdpVnQ",
          "checksum": "b022b1f7feaa238e20300b0c486bae34"
        },
        {
          "type": "cssRules",
          "assetId": "foL6cdpVnQ",
          "checksum": "b022b1f7feaa238e20300b0c486bae34"
        },
        {
          "type": "icon",
          "assetId": "CE3fXjOMSnEz",
          "checksum": "f8b87483c83734230cb1a7b4272943dd"
        },
        {
          "type": "icon",
          "assetId": "h_IFZJb1VV8o",
          "checksum": "d270a3a3e22c2cede494a828ccec1ec8"
        },
        {
          "type": "icon",
          "assetId": "imSJzGCXpL68",
          "checksum": "909c2dedf61be3c41907d0d29e761a8a"
        },
        {
          "type": "icon",
          "assetId": "RFtqQUgrQNcK",
          "checksum": "d90137238f9a60aa6be8ecb0e8fdc8eb"
        },
        {
          "type": "icon",
          "assetId": "jwetpln2842F",
          "checksum": "787007f8606bf40f567ade133d7b454d"
        },
        {
          "type": "icon",
          "assetId": "jtQPMpmYugBB",
          "checksum": "5ed781c1538d27ff14cfb379eecc5920"
        },
        {
          "type": "icon",
          "assetId": "HdY5QaOVypMq",
          "checksum": "e14e847615701868e703d4e4b33a683d"
        },
        {
          "type": "icon",
          "assetId": "ywBojQeHzt8E",
          "checksum": "9d0250f94d5b76b19c5b04455798fc81"
        },
        {
          "type": "icon",
          "assetId": "4wLqS75hbryM",
          "checksum": "4b38cd46915206a4b594481e1aa719d5"
        },
        {
          "type": "icon",
          "assetId": "tcVtvsGDiVdA",
          "checksum": "81ff3c5cc0fc25243a55613be384a94f"
        },
        {
          "type": "icon",
          "assetId": "DRjSnvIw-76R",
          "checksum": "cd1944e5eec1685613652ba2d662bc44"
        },
        {
          "type": "icon",
          "assetId": "b-9lCkq3kulA",
          "checksum": "ebd18f8347962ce7cd901f2f3f2394e7"
        },
        {
          "type": "icon",
          "assetId": "Plu3gFX59akc",
          "checksum": "0e9400942672a5f8068127eb6f63b8d8"
        },
        {
          "type": "icon",
          "assetId": "akEcJ0Sizz7a",
          "checksum": "ec68f9b4bfced6aa9cc54db198b5d6ac"
        },
        {
          "type": "icon",
          "assetId": "od24fmHU26Zb",
          "checksum": "be43792943f7a81037ef1711b6e1e6df"
        },
        {
          "type": "icon",
          "assetId": "tcgGnutb-adQ",
          "checksum": "fdc18231a302dffefbd43b75d2c88d3f"
        },
        {
          "type": "icon",
          "assetId": "oGwXFUsb7-cP",
          "checksum": "fb7a6b7a765df654649b0ac154c8b523"
        },
        {
          "type": "icon",
          "assetId": "TQFP_ilZ5Pvd",
          "checksum": "f8b133b593a845ac6ae8c6ea4ee3424d"
        },
        {
          "type": "icon",
          "assetId": "-mDPQMTT-Eva",
          "checksum": "1fd3ba2ed13cd6080d6b37e0db83e549"
        },
        {
          "type": "icon",
          "assetId": "JmQOAtCiql6G",
          "checksum": "e38e14d33cc99794acf15f86fad56d9b"
        },
        {
          "type": "icon",
          "assetId": "94zizn_MY4hX",
          "checksum": "edc93b68414cf1e1228b79be6f96ca0b"
        },
        {
          "type": "icon",
          "assetId": "8qi_tbW2QVX3",
          "checksum": "551f0644f8db1326908a78ffb9708463"
        },
        {
          "type": "icon",
          "assetId": "FNlDhmV9w",
          "checksum": "f19ac0d1c9ad1e29246611c852609e99"
        },
        {
          "type": "image",
          "assetId": "eBJCYe_Sgb5N",
          "checksum": "b10883bc594b256b7fa1ec52f3ea8be0"
        },
        {
          "type": "image",
          "assetId": "aDnjNr9BjZdr",
          "checksum": "b821dc947dbcdffeefb90e0f9527a182"
        },
        {
          "type": "image",
          "assetId": "-i9bzmhd0Xht",
          "checksum": "0fff221dceac4aa442822bcd77aba2d6"
        },
        {
          "type": "image",
          "assetId": "Qr-JQ7BYQe8c",
          "checksum": "349a50d3461b21404d72d37b3d3ced96"
        },
        {
          "type": "image",
          "assetId": "jUI0AQxGv",
          "checksum": "58761a206a6924593a9d6961a55b25e9"
        }
      ]
    }
  ],
  "cliVersion": "0.1.167"
}
